
Microsoft Visual Studio Solution File, Format Version 12.00
# Visual Studio Version 17
VisualStudioVersion = 17.2.32630.192
MinimumVisualStudioVersion = 10.0.40219.1
Project("{FAE04EC0-301F-11D3-BF4B-00C04F79EFBC}") = "Film_Management_System_API", "Film_Management_System_API\Film_Management_System_API.csproj", "{3FE766AA-34F0-445C-A32D-0EF6FCF15579}"
EndProject
Global
	GlobalSection(SolutionConfigurationPlatforms) = preSolution
		Debug|Any CPU = Debug|Any CPU
		Release|Any CPU = Release|Any CPU
	EndGlobalSection
	GlobalSection(ProjectConfigurationPlatforms) = postSolution
		{3FE766AA-34F0-445C-A32D-0EF6FCF15579}.Debug|Any CPU.ActiveCfg = Debug|Any CPU
		{3FE766AA-34F0-445C-A32D-0EF6FCF15579}.Debug|Any CPU.Build.0 = Debug|Any CPU
		{3FE766AA-34F0-445C-A32D-0EF6FCF15579}.Release|Any CPU.ActiveCfg = Release|Any CPU
		{3FE766AA-34F0-445C-A32D-0EF6FCF15579}.Release|Any CPU.Build.0 = Release|Any CPU
	EndGlobalSection
	GlobalSection(SolutionProperties) = preSolution
		HideSolutionNode = FALSE
	EndGlobalSection
	GlobalSection(ExtensibilityGlobals) = postSolution
		SolutionGuid = {39AC5132-C01D-4073-BD76-0810B170BC3A}
	EndGlobalSection
EndGlobal
